
Microsoft Visual Studio Solution File, Format Version 12.00
# Visual Studio Version 17
VisualStudioVersion = 17.11.35327.3
MinimumVisualStudioVersion = 10.0.40219.1
Project("{9A19103F-16F7-4668-BE54-9A1E7A4F7556}") = "DrawingSim", "DrawingSim\DrawingSim.csproj", "{F1078EF6-CD41-49CE-BD7E-32009C27DF4B}"
EndProject
Project("{FAE04EC0-301F-11D3-BF4B-00C04F79EFBC}") = "DrawingSim.Tests", "DrawingSim.Tests\DrawingSim.Tests.csproj", "{70E19E44-1BF1-4650-BB05-7061493D6821}"
EndProject
Global
	GlobalSection(SolutionConfigurationPlatforms) = preSolution
		Debug|Any CPU = Debug|Any CPU
		Release|Any CPU = Release|Any CPU
	EndGlobalSection
	GlobalSection(ProjectConfigurationPlatforms) = postSolution
		{F1078EF6-CD41-49CE-BD7E-32009C27DF4B}.Debug|Any CPU.ActiveCfg = Debug|Any CPU
		{F1078EF6-CD41-49CE-BD7E-32009C27DF4B}.Debug|Any CPU.Build.0 = Debug|Any CPU
		{F1078EF6-CD41-49CE-BD7E-32009C27DF4B}.Release|Any CPU.ActiveCfg = Release|Any CPU
		{F1078EF6-CD41-49CE-BD7E-32009C27DF4B}.Release|Any CPU.Build.0 = Release|Any CPU
		{70E19E44-1BF1-4650-BB05-7061493D6821}.Debug|Any CPU.ActiveCfg = Debug|Any CPU
		{70E19E44-1BF1-4650-BB05-7061493D6821}.Debug|Any CPU.Build.0 = Debug|Any CPU
		{70E19E44-1BF1-4650-BB05-7061493D6821}.Release|Any CPU.ActiveCfg = Release|Any CPU
		{70E19E44-1BF1-4650-BB05-7061493D6821}.Release|Any CPU.Build.0 = Release|Any CPU
	EndGlobalSection
	GlobalSection(SolutionProperties) = preSolution
		HideSolutionNode = FALSE
	EndGlobalSection
	GlobalSection(ExtensibilityGlobals) = postSolution
		SolutionGuid = {566043D1-105B-4EAD-8195-B76C23DCDA67}
	EndGlobalSection
EndGlobal
